{
  "nodes": {
    "awesome": {
      "flake": false,
      "locked": {
        "lastModified": 1628258527,
        "narHash": "sha256-UUag+oHZ/9SyAEAjljl5q7xi3kTphI2CUcDwtKcSDgY=",
        "owner": "olekthunder",
        "repo": "awesome-config",
        "rev": "6c95950d3bf591feaf5faaa7540af7a22afd91c1",
        "type": "github"
      },
      "original": {
        "owner": "olekthunder",
        "repo": "awesome-config",
        "type": "github"
      }
    },
    "dotfiles": {
      "flake": false,
      "locked": {
        "lastModified": 1627759035,
        "narHash": "sha256-0fwMAvDTCM3FR/7ZytMxXSBJWWj9kaBXkWcDOebEYaw=",
        "owner": "olekthunder",
        "repo": "dotfiles",
        "rev": "040cfeace2886bdb85e958d0fbf23f3e42f772f9",
        "type": "github"
      },
      "original": {
        "owner": "olekthunder",
        "repo": "dotfiles",
        "type": "github"
      }
    },
    "home-manager": {
      "inputs": {
        "nixpkgs": [
          "nixpkgs"
        ]
      },
      "locked": {
        "lastModified": 1627592512,
        "narHash": "sha256-+bauwACGl+/dTQB047XImRz5P6Lp6vxl5ruiKjtENxo=",
        "owner": "nix-community",
        "repo": "home-manager",
        "rev": "7f976da06840c268cc291a021bab7532b923713c",
        "type": "github"
      },
      "original": {
        "owner": "nix-community",
        "ref": "master",
        "repo": "home-manager",
        "type": "github"
      }
    },
    "nixpkgs": {
      "locked": {
        "lastModified": 1628121754,
        "narHash": "sha256-WQJSvlP/4f1pJCPM9Se+0x606jrUNgDiIUvF7GYxS2Q=",
        "owner": "NixOS",
        "repo": "nixpkgs",
        "rev": "5a82107589e6ba78a14b9a00c9ba268f1329a13f",
        "type": "github"
      },
      "original": {
        "owner": "NixOS",
        "ref": "nixos-unstable",
        "repo": "nixpkgs",
        "type": "github"
      }
    },
    "root": {
      "inputs": {
        "awesome": "awesome",
        "dotfiles": "dotfiles",
        "home-manager": "home-manager",
        "nixpkgs": "nixpkgs"
      }
    }
  },
  "root": "root",
  "version": 7
}
