{
  "nodes": {
    "awesome": {
      "flake": false,
      "locked": {
        "lastModified": 1629034229,
        "narHash": "sha256-JEIvLv5sh1aDICB4Bd8N1ToYlMhcRKEJH/Mka0/bd+U=",
        "owner": "olekthunder",
        "repo": "awesome-config",
        "rev": "3b6fd4f81c5a87f8dbfe37aebdb30993f9b0ced9",
        "type": "github"
      },
      "original": {
        "owner": "olekthunder",
        "repo": "awesome-config",
        "type": "github"
      }
    },
    "dotfiles": {
      "flake": false,
      "locked": {
        "lastModified": 1627759035,
        "narHash": "sha256-0fwMAvDTCM3FR/7ZytMxXSBJWWj9kaBXkWcDOebEYaw=",
        "owner": "olekthunder",
        "repo": "dotfiles",
        "rev": "040cfeace2886bdb85e958d0fbf23f3e42f772f9",
        "type": "github"
      },
      "original": {
        "owner": "olekthunder",
        "repo": "dotfiles",
        "type": "github"
      }
    },
    "flake-utils": {
      "locked": {
        "lastModified": 1623875721,
        "narHash": "sha256-A8BU7bjS5GirpAUv4QA+QnJ4CceLHkcXdRp4xITDB0s=",
        "owner": "numtide",
        "repo": "flake-utils",
        "rev": "f7e004a55b120c02ecb6219596820fcd32ca8772",
        "type": "github"
      },
      "original": {
        "owner": "numtide",
        "repo": "flake-utils",
        "type": "github"
      }
    },
    "home-manager": {
      "inputs": {
        "nixpkgs": [
          "nixpkgs"
        ]
      },
      "locked": {
        "lastModified": 1628946811,
        "narHash": "sha256-u/A1RzWyP88zbMwVFJ41BAkh9BTLbSLfCigrGAgyZKQ=",
        "owner": "nix-community",
        "repo": "home-manager",
        "rev": "72f3bc6fa461a2899a06c87c137c7135e410e387",
        "type": "github"
      },
      "original": {
        "owner": "nix-community",
        "ref": "master",
        "repo": "home-manager",
        "type": "github"
      }
    },
    "nixpkgs": {
      "locked": {
        "lastModified": 1628869426,
        "narHash": "sha256-7OetQdzAnml3+0b3pmr+reBKs9jn54IvVxbsncWzBn0=",
        "owner": "NixOS",
        "repo": "nixpkgs",
        "rev": "6fc5211eddddc02c50ca7f98d6cc377726417fa9",
        "type": "github"
      },
      "original": {
        "owner": "NixOS",
        "ref": "nixos-unstable",
        "repo": "nixpkgs",
        "type": "github"
      }
    },
    "root": {
      "inputs": {
        "awesome": "awesome",
        "dotfiles": "dotfiles",
        "flake-utils": "flake-utils",
        "home-manager": "home-manager",
        "nixpkgs": "nixpkgs"
      }
    }
  },
  "root": "root",
  "version": 7
}
